
Microsoft Visual Studio Solution File, Format Version 12.00
# Visual Studio Version 17
VisualStudioVersion = 17.7.34221.43
MinimumVisualStudioVersion = 10.0.40219.1
Project("{FAE04EC0-301F-11D3-BF4B-00C04F79EFBC}") = "ProjectTextRPG", "ProjectTextRPG\ProjectTextRPG.csproj", "{4FC18CBF-AE34-4E26-BD2E-00F303AF5E32}"
EndProject
Global
	GlobalSection(SolutionConfigurationPlatforms) = preSolution
		Debug|Any CPU = Debug|Any CPU
		Release|Any CPU = Release|Any CPU
	EndGlobalSection
	GlobalSection(ProjectConfigurationPlatforms) = postSolution
		{4FC18CBF-AE34-4E26-BD2E-00F303AF5E32}.Debug|Any CPU.ActiveCfg = Debug|Any CPU
		{4FC18CBF-AE34-4E26-BD2E-00F303AF5E32}.Debug|Any CPU.Build.0 = Debug|Any CPU
		{4FC18CBF-AE34-4E26-BD2E-00F303AF5E32}.Release|Any CPU.ActiveCfg = Release|Any CPU
		{4FC18CBF-AE34-4E26-BD2E-00F303AF5E32}.Release|Any CPU.Build.0 = Release|Any CPU
	EndGlobalSection
	GlobalSection(SolutionProperties) = preSolution
		HideSolutionNode = FALSE
	EndGlobalSection
	GlobalSection(ExtensibilityGlobals) = postSolution
		SolutionGuid = {5F12C144-4659-483A-BFBF-72D5AEE8C81E}
	EndGlobalSection
EndGlobal
